
Microsoft Visual Studio Solution File, Format Version 12.00
# Visual Studio Version 16
VisualStudioVersion = 16.0.808.7
MinimumVisualStudioVersion = 10.0.40219.1
Project("{FAE04EC0-301F-11D3-BF4B-00C04F79EFBC}") = "TestApp.Android", "TestApp.Android\TestApp.Android.csproj", "{4536CDEB-D124-4AAB-B179-FD18A484B89A}"
EndProject
Project("{FAE04EC0-301F-11D3-BF4B-00C04F79EFBC}") = "TestApp.UITests", "TestApp.UITests\TestApp.UITests.csproj", "{F575574A-6B12-4F31-B6AD-3793B5D10106}"
EndProject
Project("{FAE04EC0-301F-11D3-BF4B-00C04F79EFBC}") = "Appium.TestHelpers", "Appium.TestHelpers\Appium.TestHelpers.csproj", "{2AA30A0A-7587-4627-808D-9C3F52A547CC}"
EndProject
Project("{FAE04EC0-301F-11D3-BF4B-00C04F79EFBC}") = "TestClient", "TestClient\TestClient.csproj", "{6610E10D-17BE-4630-BE7F-47A237AC1D43}"
EndProject
Project("{9344BDBB-3E7F-41FC-A0DD-8665D75EE146}") = "TestApp.iOS", "TestApp.iOS\TestApp.iOS.csproj", "{A4F726D8-2BA4-40A8-8563-A39E073B52D3}"
EndProject
Project("{FAE04EC0-301F-11D3-BF4B-00C04F79EFBC}") = "TestApp", "TestApp\TestApp.csproj", "{DDE5636B-A4E2-4BCB-9CA9-F1BC181B8B31}"
EndProject
Global
	GlobalSection(SolutionConfigurationPlatforms) = preSolution
		Debug|Any CPU = Debug|Any CPU
		Release|Any CPU = Release|Any CPU
		Debug|iPhoneSimulator = Debug|iPhoneSimulator
		Release|iPhoneSimulator = Release|iPhoneSimulator
		Debug|iPhone = Debug|iPhone
		Release|iPhone = Release|iPhone
	EndGlobalSection
	GlobalSection(ProjectConfigurationPlatforms) = postSolution
		{4536CDEB-D124-4AAB-B179-FD18A484B89A}.Debug|Any CPU.ActiveCfg = Debug|Any CPU
		{4536CDEB-D124-4AAB-B179-FD18A484B89A}.Debug|Any CPU.Build.0 = Debug|Any CPU
		{4536CDEB-D124-4AAB-B179-FD18A484B89A}.Release|Any CPU.ActiveCfg = Release|Any CPU
		{4536CDEB-D124-4AAB-B179-FD18A484B89A}.Release|Any CPU.Build.0 = Release|Any CPU
		{4536CDEB-D124-4AAB-B179-FD18A484B89A}.Debug|iPhoneSimulator.ActiveCfg = Debug|Any CPU
		{4536CDEB-D124-4AAB-B179-FD18A484B89A}.Debug|iPhoneSimulator.Build.0 = Debug|Any CPU
		{4536CDEB-D124-4AAB-B179-FD18A484B89A}.Release|iPhoneSimulator.ActiveCfg = Release|Any CPU
		{4536CDEB-D124-4AAB-B179-FD18A484B89A}.Release|iPhoneSimulator.Build.0 = Release|Any CPU
		{4536CDEB-D124-4AAB-B179-FD18A484B89A}.Debug|iPhone.ActiveCfg = Debug|Any CPU
		{4536CDEB-D124-4AAB-B179-FD18A484B89A}.Debug|iPhone.Build.0 = Debug|Any CPU
		{4536CDEB-D124-4AAB-B179-FD18A484B89A}.Release|iPhone.ActiveCfg = Release|Any CPU
		{4536CDEB-D124-4AAB-B179-FD18A484B89A}.Release|iPhone.Build.0 = Release|Any CPU
		{F575574A-6B12-4F31-B6AD-3793B5D10106}.Debug|Any CPU.ActiveCfg = Debug|Any CPU
		{F575574A-6B12-4F31-B6AD-3793B5D10106}.Debug|Any CPU.Build.0 = Debug|Any CPU
		{F575574A-6B12-4F31-B6AD-3793B5D10106}.Release|Any CPU.ActiveCfg = Release|Any CPU
		{F575574A-6B12-4F31-B6AD-3793B5D10106}.Release|Any CPU.Build.0 = Release|Any CPU
		{F575574A-6B12-4F31-B6AD-3793B5D10106}.Debug|iPhoneSimulator.ActiveCfg = Debug|Any CPU
		{F575574A-6B12-4F31-B6AD-3793B5D10106}.Debug|iPhoneSimulator.Build.0 = Debug|Any CPU
		{F575574A-6B12-4F31-B6AD-3793B5D10106}.Release|iPhoneSimulator.ActiveCfg = Release|Any CPU
		{F575574A-6B12-4F31-B6AD-3793B5D10106}.Release|iPhoneSimulator.Build.0 = Release|Any CPU
		{F575574A-6B12-4F31-B6AD-3793B5D10106}.Debug|iPhone.ActiveCfg = Debug|Any CPU
		{F575574A-6B12-4F31-B6AD-3793B5D10106}.Debug|iPhone.Build.0 = Debug|Any CPU
		{F575574A-6B12-4F31-B6AD-3793B5D10106}.Release|iPhone.ActiveCfg = Release|Any CPU
		{F575574A-6B12-4F31-B6AD-3793B5D10106}.Release|iPhone.Build.0 = Release|Any CPU
		{2AA30A0A-7587-4627-808D-9C3F52A547CC}.Debug|Any CPU.ActiveCfg = Debug|Any CPU
		{2AA30A0A-7587-4627-808D-9C3F52A547CC}.Debug|Any CPU.Build.0 = Debug|Any CPU
		{2AA30A0A-7587-4627-808D-9C3F52A547CC}.Release|Any CPU.ActiveCfg = Release|Any CPU
		{2AA30A0A-7587-4627-808D-9C3F52A547CC}.Release|Any CPU.Build.0 = Release|Any CPU
		{2AA30A0A-7587-4627-808D-9C3F52A547CC}.Debug|iPhoneSimulator.ActiveCfg = Debug|Any CPU
		{2AA30A0A-7587-4627-808D-9C3F52A547CC}.Debug|iPhoneSimulator.Build.0 = Debug|Any CPU
		{2AA30A0A-7587-4627-808D-9C3F52A547CC}.Release|iPhoneSimulator.ActiveCfg = Release|Any CPU
		{2AA30A0A-7587-4627-808D-9C3F52A547CC}.Release|iPhoneSimulator.Build.0 = Release|Any CPU
		{2AA30A0A-7587-4627-808D-9C3F52A547CC}.Debug|iPhone.ActiveCfg = Debug|Any CPU
		{2AA30A0A-7587-4627-808D-9C3F52A547CC}.Debug|iPhone.Build.0 = Debug|Any CPU
		{2AA30A0A-7587-4627-808D-9C3F52A547CC}.Release|iPhone.ActiveCfg = Release|Any CPU
		{2AA30A0A-7587-4627-808D-9C3F52A547CC}.Release|iPhone.Build.0 = Release|Any CPU
		{6610E10D-17BE-4630-BE7F-47A237AC1D43}.Debug|Any CPU.ActiveCfg = Debug|Any CPU
		{6610E10D-17BE-4630-BE7F-47A237AC1D43}.Debug|Any CPU.Build.0 = Debug|Any CPU
		{6610E10D-17BE-4630-BE7F-47A237AC1D43}.Release|Any CPU.ActiveCfg = Release|Any CPU
		{6610E10D-17BE-4630-BE7F-47A237AC1D43}.Release|Any CPU.Build.0 = Release|Any CPU
		{6610E10D-17BE-4630-BE7F-47A237AC1D43}.Debug|iPhoneSimulator.ActiveCfg = Debug|Any CPU
		{6610E10D-17BE-4630-BE7F-47A237AC1D43}.Debug|iPhoneSimulator.Build.0 = Debug|Any CPU
		{6610E10D-17BE-4630-BE7F-47A237AC1D43}.Release|iPhoneSimulator.ActiveCfg = Release|Any CPU
		{6610E10D-17BE-4630-BE7F-47A237AC1D43}.Release|iPhoneSimulator.Build.0 = Release|Any CPU
		{6610E10D-17BE-4630-BE7F-47A237AC1D43}.Debug|iPhone.ActiveCfg = Debug|Any CPU
		{6610E10D-17BE-4630-BE7F-47A237AC1D43}.Debug|iPhone.Build.0 = Debug|Any CPU
		{6610E10D-17BE-4630-BE7F-47A237AC1D43}.Release|iPhone.ActiveCfg = Release|Any CPU
		{6610E10D-17BE-4630-BE7F-47A237AC1D43}.Release|iPhone.Build.0 = Release|Any CPU
		{A4F726D8-2BA4-40A8-8563-A39E073B52D3}.Debug|Any CPU.ActiveCfg = Debug|iPhoneSimulator
		{A4F726D8-2BA4-40A8-8563-A39E073B52D3}.Debug|Any CPU.Build.0 = Debug|iPhoneSimulator
		{A4F726D8-2BA4-40A8-8563-A39E073B52D3}.Release|Any CPU.ActiveCfg = Release|iPhoneSimulator
		{A4F726D8-2BA4-40A8-8563-A39E073B52D3}.Release|Any CPU.Build.0 = Release|iPhoneSimulator
		{A4F726D8-2BA4-40A8-8563-A39E073B52D3}.Debug|iPhoneSimulator.ActiveCfg = Debug|iPhoneSimulator
		{A4F726D8-2BA4-40A8-8563-A39E073B52D3}.Debug|iPhoneSimulator.Build.0 = Debug|iPhoneSimulator
		{A4F726D8-2BA4-40A8-8563-A39E073B52D3}.Release|iPhoneSimulator.ActiveCfg = Release|iPhoneSimulator
		{A4F726D8-2BA4-40A8-8563-A39E073B52D3}.Release|iPhoneSimulator.Build.0 = Release|iPhoneSimulator
		{A4F726D8-2BA4-40A8-8563-A39E073B52D3}.Debug|iPhone.ActiveCfg = Debug|iPhone
		{A4F726D8-2BA4-40A8-8563-A39E073B52D3}.Debug|iPhone.Build.0 = Debug|iPhone
		{A4F726D8-2BA4-40A8-8563-A39E073B52D3}.Release|iPhone.ActiveCfg = Release|iPhone
		{A4F726D8-2BA4-40A8-8563-A39E073B52D3}.Release|iPhone.Build.0 = Release|iPhone
		{DDE5636B-A4E2-4BCB-9CA9-F1BC181B8B31}.Debug|Any CPU.ActiveCfg = Debug|Any CPU
		{DDE5636B-A4E2-4BCB-9CA9-F1BC181B8B31}.Debug|Any CPU.Build.0 = Debug|Any CPU
		{DDE5636B-A4E2-4BCB-9CA9-F1BC181B8B31}.Release|Any CPU.ActiveCfg = Release|Any CPU
		{DDE5636B-A4E2-4BCB-9CA9-F1BC181B8B31}.Release|Any CPU.Build.0 = Release|Any CPU
		{DDE5636B-A4E2-4BCB-9CA9-F1BC181B8B31}.Debug|iPhoneSimulator.ActiveCfg = Debug|Any CPU
		{DDE5636B-A4E2-4BCB-9CA9-F1BC181B8B31}.Debug|iPhoneSimulator.Build.0 = Debug|Any CPU
		{DDE5636B-A4E2-4BCB-9CA9-F1BC181B8B31}.Release|iPhoneSimulator.ActiveCfg = Release|Any CPU
		{DDE5636B-A4E2-4BCB-9CA9-F1BC181B8B31}.Release|iPhoneSimulator.Build.0 = Release|Any CPU
		{DDE5636B-A4E2-4BCB-9CA9-F1BC181B8B31}.Debug|iPhone.ActiveCfg = Debug|Any CPU
		{DDE5636B-A4E2-4BCB-9CA9-F1BC181B8B31}.Debug|iPhone.Build.0 = Debug|Any CPU
		{DDE5636B-A4E2-4BCB-9CA9-F1BC181B8B31}.Release|iPhone.ActiveCfg = Release|Any CPU
		{DDE5636B-A4E2-4BCB-9CA9-F1BC181B8B31}.Release|iPhone.Build.0 = Release|Any CPU
	EndGlobalSection
	GlobalSection(SolutionProperties) = preSolution
		HideSolutionNode = FALSE
	EndGlobalSection
	GlobalSection(ExtensibilityGlobals) = postSolution
		SolutionGuid = {947E70C8-88A3-4DBC-8CFF-0CCCC54C9219}
	EndGlobalSection
EndGlobal
